// !$*UTF8*$!
{
	archiveVersion = 1;
	classes = {
	};
	objectVersion = 50;
	objects = {

/* Begin PBXBuildFile section */
		1D18A5C52323A82F00DCDA3E /* AppDelegate.swift in Sources */ = {isa = PBXBuildFile; fileRef = 1D18A5C42323A82F00DCDA3E /* AppDelegate.swift */; };
		1D18A5C72323A82F00DCDA3E /* ViewController.swift in Sources */ = {isa = PBXBuildFile; fileRef = 1D18A5C62323A82F00DCDA3E /* ViewController.swift */; };
		1D18A5CA2323A82F00DCDA3E /* Main.storyboard in Resources */ = {isa = PBXBuildFile; fileRef = 1D18A5C82323A82F00DCDA3E /* Main.storyboard */; };
		1D18A5CC2323A83000DCDA3E /* Assets.xcassets in Resources */ = {isa = PBXBuildFile; fileRef = 1D18A5CB2323A83000DCDA3E /* Assets.xcassets */; };
		1D18A5CF2323A83000DCDA3E /* LaunchScreen.storyboard in Resources */ = {isa = PBXBuildFile; fileRef = 1D18A5CD2323A83000DCDA3E /* LaunchScreen.storyboard */; };
		1D18A5DA2323A83000DCDA3E /* CallOpenOtherAppsTests.swift in Sources */ = {isa = PBXBuildFile; fileRef = 1D18A5D92323A83000DCDA3E /* CallOpenOtherAppsTests.swift */; };
		1D18A5E52323A83000DCDA3E /* CallOpenOtherAppsUITests.swift in Sources */ = {isa = PBXBuildFile; fileRef = 1D18A5E42323A83000DCDA3E /* CallOpenOtherAppsUITests.swift */; };
		1D18A5F32323A8A200DCDA3E /* FirstCustomCell.swift in Sources */ = {isa = PBXBuildFile; fileRef = 1D18A5F22323A8A200DCDA3E /* FirstCustomCell.swift */; };
/* End PBXBuildFile section */

/* Begin PBXContainerItemProxy section */
		1D18A5D62323A83000DCDA3E /* PBXContainerItemProxy */ = {
			isa = PBXContainerItemProxy;
			containerPortal = 1D18A5B92323A82F00DCDA3E /* Project object */;
			proxyType = 1;
			remoteGlobalIDString = 1D18A5C02323A82F00DCDA3E;
			remoteInfo = CallOpenOtherApps;
		};
		1D18A5E12323A83000DCDA3E /* PBXContainerItemProxy */ = {
			isa = PBXContainerItemProxy;
			containerPortal = 1D18A5B92323A82F00DCDA3E /* Project object */;
			proxyType = 1;
			remoteGlobalIDString = 1D18A5C02323A82F00DCDA3E;
			remoteInfo = CallOpenOtherApps;
		};
/* End PBXContainerItemProxy section */

/* Begin PBXFileReference section */
		1D18A5C12323A82F00DCDA3E /* CallOpenOtherApps.app */ = {isa = PBXFileReference; explicitFileType = wrapper.application; includeInIndex = 0; path = CallOpenOtherApps.app; sourceTree = BUILT_PRODUCTS_DIR; };
		1D18A5C42323A82F00DCDA3E /* AppDelegate.swift */ = {isa = PBXFileReference; lastKnownFileType = sourcecode.swift; path = AppDelegate.swift; sourceTree = "<group>"; };
		1D18A5C62323A82F00DCDA3E /* ViewController.swift */ = {isa = PBXFileReference; lastKnownFileType = sourcecode.swift; path = ViewController.swift; sourceTree = "<group>"; };
		1D18A5C92323A82F00DCDA3E /* Base */ = {isa = PBXFileReference; lastKnownFileType = file.storyboard; name = Base; path = Base.lproj/Main.storyboard; sourceTree = "<group>"; };
		1D18A5CB2323A83000DCDA3E /* Assets.xcassets */ = {isa = PBXFileReference; lastKnownFileType = folder.assetcatalog; path = Assets.xcassets; sourceTree = "<group>"; };
		1D18A5CE2323A83000DCDA3E /* Base */ = {isa = PBXFileReference; lastKnownFileType = file.storyboard; name = Base; path = Base.lproj/LaunchScreen.storyboard; sourceTree = "<group>"; };
		1D18A5D02323A83000DCDA3E /* Info.plist */ = {isa = PBXFileReference; lastKnownFileType = text.plist.xml; path = Info.plist; sourceTree = "<group>"; };
		1D18A5D52323A83000DCDA3E /* CallOpenOtherAppsTests.xctest */ = {isa = PBXFileReference; explicitFileType = wrapper.cfbundle; includeInIndex = 0; path = CallOpenOtherAppsTests.xctest; sourceTree = BUILT_PRODUCTS_DIR; };
		1D18A5D92323A83000DCDA3E /* CallOpenOtherAppsTests.swift */ = {isa = PBXFileReference; lastKnownFileType = sourcecode.swift; path = CallOpenOtherAppsTests.swift; sourceTree = "<group>"; };
		1D18A5DB2323A83000DCDA3E /* Info.plist */ = {isa = PBXFileReference; lastKnownFileType = text.plist.xml; path = Info.plist; sourceTree = "<group>"; };
		1D18A5E02323A83000DCDA3E /* CallOpenOtherAppsUITests.xctest */ = {isa = PBXFileReference; explicitFileType = wrapper.cfbundle; includeInIndex = 0; path = CallOpenOtherAppsUITests.xctest; sourceTree = BUILT_PRODUCTS_DIR; };
		1D18A5E42323A83000DCDA3E /* CallOpenOtherAppsUITests.swift */ = {isa = PBXFileReference; lastKnownFileType = sourcecode.swift; path = CallOpenOtherAppsUITests.swift; sourceTree = "<group>"; };
		1D18A5E62323A83000DCDA3E /* Info.plist */ = {isa = PBXFileReference; lastKnownFileType = text.plist.xml; path = Info.plist; sourceTree = "<group>"; };
		1D18A5F22323A8A200DCDA3E /* FirstCustomCell.swift */ = {isa = PBXFileReference; lastKnownFileType = sourcecode.swift; path = FirstCustomCell.swift; sourceTree = "<group>"; };
/* End PBXFileReference section */

/* Begin PBXFrameworksBuildPhase section */
		1D18A5BE2323A82F00DCDA3E /* Frameworks */ = {
			isa = PBXFrameworksBuildPhase;
			buildActionMask = 2147483647;
			files = (
			);
			runOnlyForDeploymentPostprocessing = 0;
		};
		1D18A5D22323A83000DCDA3E /* Frameworks */ = {
			isa = PBXFrameworksBuildPhase;
			buildActionMask = 2147483647;
			files = (
			);
			runOnlyForDeploymentPostprocessing = 0;
		};
		1D18A5DD2323A83000DCDA3E /* Frameworks */ = {
			isa = PBXFrameworksBuildPhase;
			buildActionMask = 2147483647;
			files = (
			);
			runOnlyForDeploymentPostprocessing = 0;
		};
/* End PBXFrameworksBuildPhase section */

/* Begin PBXGroup section */
		1D18A5B82323A82F00DCDA3E = {
			isa = PBXGroup;
			children = (
				1D18A5C32323A82F00DCDA3E /* CallOpenOtherApps */,
				1D18A5D82323A83000DCDA3E /* CallOpenOtherAppsTests */,
				1D18A5E32323A83000DCDA3E /* CallOpenOtherAppsUITests */,
				1D18A5C22323A82F00DCDA3E /* Products */,
			);
			sourceTree = "<group>";
		};
		1D18A5C22323A82F00DCDA3E /* Products */ = {
			isa = PBXGroup;
			children = (
				1D18A5C12323A82F00DCDA3E /* CallOpenOtherApps.app */,
				1D18A5D52323A83000DCDA3E /* CallOpenOtherAppsTests.xctest */,
				1D18A5E02323A83000DCDA3E /* CallOpenOtherAppsUITests.xctest */,
			);
			name = Products;
			sourceTree = "<group>";
		};
		1D18A5C32323A82F00DCDA3E /* CallOpenOtherApps */ = {
			isa = PBXGroup;
			children = (
				1D18A5C42323A82F00DCDA3E /* AppDelegate.swift */,
				1D18A5C62323A82F00DCDA3E /* ViewController.swift */,
				1D18A5C82323A82F00DCDA3E /* Main.storyboard */,
				1D18A5CB2323A83000DCDA3E /* Assets.xcassets */,
				1D18A5CD2323A83000DCDA3E /* LaunchScreen.storyboard */,
				1D18A5D02323A83000DCDA3E /* Info.plist */,
				1D18A5F22323A8A200DCDA3E /* FirstCustomCell.swift */,
			);
			path = CallOpenOtherApps;
			sourceTree = "<group>";
		};
		1D18A5D82323A83000DCDA3E /* CallOpenOtherAppsTests */ = {
			isa = PBXGroup;
			children = (
				1D18A5D92323A83000DCDA3E /* CallOpenOtherAppsTests.swift */,
				1D18A5DB2323A83000DCDA3E /* Info.plist */,
			);
			path = CallOpenOtherAppsTests;
			sourceTree = "<group>";
		};
		1D18A5E32323A83000DCDA3E /* CallOpenOtherAppsUITests */ = {
			isa = PBXGroup;
			children = (
				1D18A5E42323A83000DCDA3E /* CallOpenOtherAppsUITests.swift */,
				1D18A5E62323A83000DCDA3E /* Info.plist */,
			);
			path = CallOpenOtherAppsUITests;
			sourceTree = "<group>";
		};
/* End PBXGroup section */

/* Begin PBXNativeTarget section */
		1D18A5C02323A82F00DCDA3E /* CallOpenOtherApps */ = {
			isa = PBXNativeTarget;
			buildConfigurationList = 1D18A5E92323A83000DCDA3E /* Build configuration list for PBXNativeTarget "CallOpenOtherApps" */;
			buildPhases = (
				1D18A5BD2323A82F00DCDA3E /* Sources */,
				1D18A5BE2323A82F00DCDA3E /* Frameworks */,
				1D18A5BF2323A82F00DCDA3E /* Resources */,
			);
			buildRules = (
			);
			dependencies = (
			);
			name = CallOpenOtherApps;
			productName = CallOpenOtherApps;
			productReference = 1D18A5C12323A82F00DCDA3E /* CallOpenOtherApps.app */;
			productType = "com.apple.product-type.application";
		};
		1D18A5D42323A83000DCDA3E /* CallOpenOtherAppsTests */ = {
			isa = PBXNativeTarget;
			buildConfigurationList = 1D18A5EC2323A83000DCDA3E /* Build configuration list for PBXNativeTarget "CallOpenOtherAppsTests" */;
			buildPhases = (
				1D18A5D12323A83000DCDA3E /* Sources */,
				1D18A5D22323A83000DCDA3E /* Frameworks */,
				1D18A5D32323A83000DCDA3E /* Resources */,
			);
			buildRules = (
			);
			dependencies = (
				1D18A5D72323A83000DCDA3E /* PBXTargetDependency */,
			);
			name = CallOpenOtherAppsTests;
			productName = CallOpenOtherAppsTests;
			productReference = 1D18A5D52323A83000DCDA3E /* CallOpenOtherAppsTests.xctest */;
			productType = "com.apple.product-type.bundle.unit-test";
		};
		1D18A5DF2323A83000DCDA3E /* CallOpenOtherAppsUITests */ = {
			isa = PBXNativeTarget;
			buildConfigurationList = 1D18A5EF2323A83000DCDA3E /* Build configuration list for PBXNativeTarget "CallOpenOtherAppsUITests" */;
			buildPhases = (
				1D18A5DC2323A83000DCDA3E /* Sources */,
				1D18A5DD2323A83000DCDA3E /* Frameworks */,
				1D18A5DE2323A83000DCDA3E /* Resources */,
			);
			buildRules = (
			);
			dependencies = (
				1D18A5E22323A83000DCDA3E /* PBXTargetDependency */,
			);
			name = CallOpenOtherAppsUITests;
			productName = CallOpenOtherAppsUITests;
			productReference = 1D18A5E02323A83000DCDA3E /* CallOpenOtherAppsUITests.xctest */;
			productType = "com.apple.product-type.bundle.ui-testing";
		};
/* End PBXNativeTarget section */

/* Begin PBXProject section */
		1D18A5B92323A82F00DCDA3E /* Project object */ = {
			isa = PBXProject;
			attributes = {
				LastSwiftUpdateCheck = 1030;
				LastUpgradeCheck = 1030;
				ORGANIZATIONNAME = JuneK;
				TargetAttributes = {
					1D18A5C02323A82F00DCDA3E = {
						CreatedOnToolsVersion = 10.3;
					};
					1D18A5D42323A83000DCDA3E = {
						CreatedOnToolsVersion = 10.3;
						TestTargetID = 1D18A5C02323A82F00DCDA3E;
					};
					1D18A5DF2323A83000DCDA3E = {
						CreatedOnToolsVersion = 10.3;
						TestTargetID = 1D18A5C02323A82F00DCDA3E;
					};
				};
			};
			buildConfigurationList = 1D18A5BC2323A82F00DCDA3E /* Build configuration list for PBXProject "CallOpenOtherApps" */;
			compatibilityVersion = "Xcode 9.3";
			developmentRegion = en;
			hasScannedForEncodings = 0;
			knownRegions = (
				en,
				Base,
			);
			mainGroup = 1D18A5B82323A82F00DCDA3E;
			productRefGroup = 1D18A5C22323A82F00DCDA3E /* Products */;
			projectDirPath = "";
			projectRoot = "";
			targets = (
				1D18A5C02323A82F00DCDA3E /* CallOpenOtherApps */,
				1D18A5D42323A83000DCDA3E /* CallOpenOtherAppsTests */,
				1D18A5DF2323A83000DCDA3E /* CallOpenOtherAppsUITests */,
			);
		};
/* End PBXProject section */

/* Begin PBXResourcesBuildPhase section */
		1D18A5BF2323A82F00DCDA3E /* Resources */ = {
			isa = PBXResourcesBuildPhase;
			buildActionMask = 2147483647;
			files = (
				1D18A5CF2323A83000DCDA3E /* LaunchScreen.storyboard in Resources */,
				1D18A5CC2323A83000DCDA3E /* Assets.xcassets in Resources */,
				1D18A5CA2323A82F00DCDA3E /* Main.storyboard in Resources */,
			);
			runOnlyForDeploymentPostprocessing = 0;
		};
		1D18A5D32323A83000DCDA3E /* Resources */ = {
			isa = PBXResourcesBuildPhase;
			buildActionMask = 2147483647;
			files = (
			);
			runOnlyForDeploymentPostprocessing = 0;
		};
		1D18A5DE2323A83000DCDA3E /* Resources */ = {
			isa = PBXResourcesBuildPhase;
			buildActionMask = 2147483647;
			files = (
			);
			runOnlyForDeploymentPostprocessing = 0;
		};
/* End PBXResourcesBuildPhase section */

/* Begin PBXSourcesBuildPhase section */
		1D18A5BD2323A82F00DCDA3E /* Sources */ = {
			isa = PBXSourcesBuildPhase;
			buildActionMask = 2147483647;
			files = (
				1D18A5C72323A82F00DCDA3E /* ViewController.swift in Sources */,
				1D18A5C52323A82F00DCDA3E /* AppDelegate.swift in Sources */,
				1D18A5F32323A8A200DCDA3E /* FirstCustomCell.swift in Sources */,
			);
			runOnlyForDeploymentPostprocessing = 0;
		};
		1D18A5D12323A83000DCDA3E /* Sources */ = {
			isa = PBXSourcesBuildPhase;
			buildActionMask = 2147483647;
			files = (
				1D18A5DA2323A83000DCDA3E /* CallOpenOtherAppsTests.swift in Sources */,
			);
			runOnlyForDeploymentPostprocessing = 0;
		};
		1D18A5DC2323A83000DCDA3E /* Sources */ = {
			isa = PBXSourcesBuildPhase;
			buildActionMask = 2147483647;
			files = (
				1D18A5E52323A83000DCDA3E /* CallOpenOtherAppsUITests.swift in Sources */,
			);
			runOnlyForDeploymentPostprocessing = 0;
		};
/* End PBXSourcesBuildPhase section */

/* Begin PBXTargetDependency section */
		1D18A5D72323A83000DCDA3E /* PBXTargetDependency */ = {
			isa = PBXTargetDependency;
			target = 1D18A5C02323A82F00DCDA3E /* CallOpenOtherApps */;
			targetProxy = 1D18A5D62323A83000DCDA3E /* PBXContainerItemProxy */;
		};
		1D18A5E22323A83000DCDA3E /* PBXTargetDependency */ = {
			isa = PBXTargetDependency;
			target = 1D18A5C02323A82F00DCDA3E /* CallOpenOtherApps */;
			targetProxy = 1D18A5E12323A83000DCDA3E /* PBXContainerItemProxy */;
		};
/* End PBXTargetDependency section */

/* Begin PBXVariantGroup section */
		1D18A5C82323A82F00DCDA3E /* Main.storyboard */ = {
			isa = PBXVariantGroup;
			children = (
				1D18A5C92323A82F00DCDA3E /* Base */,
			);
			name = Main.storyboard;
			sourceTree = "<group>";
		};
		1D18A5CD2323A83000DCDA3E /* LaunchScreen.storyboard */ = {
			isa = PBXVariantGroup;
			children = (
				1D18A5CE2323A83000DCDA3E /* Base */,
			);
			name = LaunchScreen.storyboard;
			sourceTree = "<group>";
		};
/* End PBXVariantGroup section */

/* Begin XCBuildConfiguration section */
		1D18A5E72323A83000DCDA3E /* Debug */ = {
			isa = XCBuildConfiguration;
			buildSettings = {
				ALWAYS_SEARCH_USER_PATHS = NO;
				CLANG_ANALYZER_NONNULL = YES;
				CLANG_ANALYZER_NUMBER_OBJECT_CONVERSION = YES_AGGRESSIVE;
				CLANG_CXX_LANGUAGE_STANDARD = "gnu++14";
				CLANG_CXX_LIBRARY = "libc++";
				CLANG_ENABLE_MODULES = YES;
				CLANG_ENABLE_OBJC_ARC = YES;
				CLANG_ENABLE_OBJC_WEAK = YES;
				CLANG_WARN_BLOCK_CAPTURE_AUTORELEASING = YES;
				CLANG_WARN_BOOL_CONVERSION = YES;
				CLANG_WARN_COMMA = YES;
				CLANG_WARN_CONSTANT_CONVERSION = YES;
				CLANG_WARN_DEPRECATED_OBJC_IMPLEMENTATIONS = YES;
				CLANG_WARN_DIRECT_OBJC_ISA_USAGE = YES_ERROR;
				CLANG_WARN_DOCUMENTATION_COMMENTS = YES;
				CLANG_WARN_EMPTY_BODY = YES;
				CLANG_WARN_ENUM_CONVERSION = YES;
				CLANG_WARN_INFINITE_RECURSION = YES;
				CLANG_WARN_INT_CONVERSION = YES;
				CLANG_WARN_NON_LITERAL_NULL_CONVERSION = YES;
				CLANG_WARN_OBJC_IMPLICIT_RETAIN_SELF = YES;
				CLANG_WARN_OBJC_LITERAL_CONVERSION = YES;
				CLANG_WARN_OBJC_ROOT_CLASS = YES_ERROR;
				CLANG_WARN_RANGE_LOOP_ANALYSIS = YES;
				CLANG_WARN_STRICT_PROTOTYPES = YES;
				CLANG_WARN_SUSPICIOUS_MOVE = YES;
				CLANG_WARN_UNGUARDED_AVAILABILITY = YES_AGGRESSIVE;
				CLANG_WARN_UNREACHABLE_CODE = YES;
				CLANG_WARN__DUPLICATE_METHOD_MATCH = YES;
				CODE_SIGN_IDENTITY = "iPhone Developer";
				COPY_PHASE_STRIP = NO;
				DEBUG_INFORMATION_FORMAT = dwarf;
				ENABLE_STRICT_OBJC_MSGSEND = YES;
				ENABLE_TESTABILITY = YES;
				GCC_C_LANGUAGE_STANDARD = gnu11;
				GCC_DYNAMIC_NO_PIC = NO;
				GCC_NO_COMMON_BLOCKS = YES;
				GCC_OPTIMIZATION_LEVEL = 0;
				GCC_PREPROCESSOR_DEFINITIONS = (
					"DEBUG=1",
					"$(inherited)",
				);
				GCC_WARN_64_TO_32_BIT_CONVERSION = YES;
				GCC_WARN_ABOUT_RETURN_TYPE = YES_ERROR;
				GCC_WARN_UNDECLARED_SELECTOR = YES;
				GCC_WARN_UNINITIALIZED_AUTOS = YES_AGGRESSIVE;
				GCC_WARN_UNUSED_FUNCTION = YES;
				GCC_WARN_UNUSED_VARIABLE = YES;
				IPHONEOS_DEPLOYMENT_TARGET = 12.4;
				MTL_ENABLE_DEBUG_INFO = INCLUDE_SOURCE;
				MTL_FAST_MATH = YES;
				ONLY_ACTIVE_ARCH = YES;
				SDKROOT = iphoneos;
				SWIFT_ACTIVE_COMPILATION_CONDITIONS = DEBUG;
				SWIFT_OPTIMIZATION_LEVEL = "-Onone";
			};
			name = Debug;
		};
		1D18A5E82323A83000DCDA3E /* Release */ = {
			isa = XCBuildConfiguration;
			buildSettings = {
				ALWAYS_SEARCH_USER_PATHS = NO;
				CLANG_ANALYZER_NONNULL = YES;
				CLANG_ANALYZER_NUMBER_OBJECT_CONVERSION = YES_AGGRESSIVE;
				CLANG_CXX_LANGUAGE_STANDARD = "gnu++14";
				CLANG_CXX_LIBRARY = "libc++";
				CLANG_ENABLE_MODULES = YES;
				CLANG_ENABLE_OBJC_ARC = YES;
				CLANG_ENABLE_OBJC_WEAK = YES;
				CLANG_WARN_BLOCK_CAPTURE_AUTORELEASING = YES;
				CLANG_WARN_BOOL_CONVERSION = YES;
				CLANG_WARN_COMMA = YES;
				CLANG_WARN_CONSTANT_CONVERSION = YES;
				CLANG_WARN_DEPRECATED_OBJC_IMPLEMENTATIONS = YES;
				CLANG_WARN_DIRECT_OBJC_ISA_USAGE = YES_ERROR;
				CLANG_WARN_DOCUMENTATION_COMMENTS = YES;
				CLANG_WARN_EMPTY_BODY = YES;
				CLANG_WARN_ENUM_CONVERSION = YES;
				CLANG_WARN_INFINITE_RECURSION = YES;
				CLANG_WARN_INT_CONVERSION = YES;
				CLANG_WARN_NON_LITERAL_NULL_CONVERSION = YES;
				CLANG_WARN_OBJC_IMPLICIT_RETAIN_SELF = YES;
				CLANG_WARN_OBJC_LITERAL_CONVERSION = YES;
				CLANG_WARN_OBJC_ROOT_CLASS = YES_ERROR;
				CLANG_WARN_RANGE_LOOP_ANALYSIS = YES;
				CLANG_WARN_STRICT_PROTOTYPES = YES;
				CLANG_WARN_SUSPICIOUS_MOVE = YES;
				CLANG_WARN_UNGUARDED_AVAILABILITY = YES_AGGRESSIVE;
				CLANG_WARN_UNREACHABLE_CODE = YES;
				CLANG_WARN__DUPLICATE_METHOD_MATCH = YES;
				CODE_SIGN_IDENTITY = "iPhone Developer";
				COPY_PHASE_STRIP = NO;
				DEBUG_INFORMATION_FORMAT = "dwarf-with-dsym";
				ENABLE_NS_ASSERTIONS = NO;
				ENABLE_STRICT_OBJC_MSGSEND = YES;
				GCC_C_LANGUAGE_STANDARD = gnu11;
				GCC_NO_COMMON_BLOCKS = YES;
				GCC_WARN_64_TO_32_BIT_CONVERSION = YES;
				GCC_WARN_ABOUT_RETURN_TYPE = YES_ERROR;
				GCC_WARN_UNDECLARED_SELECTOR = YES;
				GCC_WARN_UNINITIALIZED_AUTOS = YES_AGGRESSIVE;
				GCC_WARN_UNUSED_FUNCTION = YES;
				GCC_WARN_UNUSED_VARIABLE = YES;
				IPHONEOS_DEPLOYMENT_TARGET = 12.4;
				MTL_ENABLE_DEBUG_INFO = NO;
				MTL_FAST_MATH = YES;
				SDKROOT = iphoneos;
				SWIFT_COMPILATION_MODE = wholemodule;
				SWIFT_OPTIMIZATION_LEVEL = "-O";
				VALIDATE_PRODUCT = YES;
			};
			name = Release;
		};
		1D18A5EA2323A83000DCDA3E /* Debug */ = {
			isa = XCBuildConfiguration;
			buildSettings = {
				ASSETCATALOG_COMPILER_APPICON_NAME = AppIcon;
				CODE_SIGN_STYLE = Automatic;
				INFOPLIST_FILE = CallOpenOtherApps/Info.plist;
				LD_RUNPATH_SEARCH_PATHS = (
					"$(inherited)",
					"@executable_path/Frameworks",
				);
				PRODUCT_BUNDLE_IDENTIFIER = com.junek.CallOpenOtherApps;
				PRODUCT_NAME = "$(TARGET_NAME)";
				SWIFT_VERSION = 5.0;
				TARGETED_DEVICE_FAMILY = "1,2";
			};
			name = Debug;
		};
		1D18A5EB2323A83000DCDA3E /* Release */ = {
			isa = XCBuildConfiguration;
			buildSettings = {
				ASSETCATALOG_COMPILER_APPICON_NAME = AppIcon;
				CODE_SIGN_STYLE = Automatic;
				INFOPLIST_FILE = CallOpenOtherApps/Info.plist;
				LD_RUNPATH_SEARCH_PATHS = (
					"$(inherited)",
					"@executable_path/Frameworks",
				);
				PRODUCT_BUNDLE_IDENTIFIER = com.junek.CallOpenOtherApps;
				PRODUCT_NAME = "$(TARGET_NAME)";
				SWIFT_VERSION = 5.0;
				TARGETED_DEVICE_FAMILY = "1,2";
			};
			name = Release;
		};
		1D18A5ED2323A83000DCDA3E /* Debug */ = {
			isa = XCBuildConfiguration;
			buildSettings = {
				ALWAYS_EMBED_SWIFT_STANDARD_LIBRARIES = YES;
				BUNDLE_LOADER = "$(TEST_HOST)";
				CODE_SIGN_STYLE = Automatic;
				INFOPLIST_FILE = CallOpenOtherAppsTests/Info.plist;
				LD_RUNPATH_SEARCH_PATHS = (
					"$(inherited)",
					"@executable_path/Frameworks",
					"@loader_path/Frameworks",
				);
				PRODUCT_BUNDLE_IDENTIFIER = com.junek.CallOpenOtherAppsTests;
				PRODUCT_NAME = "$(TARGET_NAME)";
				SWIFT_VERSION = 5.0;
				TARGETED_DEVICE_FAMILY = "1,2";
				TEST_HOST = "$(BUILT_PRODUCTS_DIR)/CallOpenOtherApps.app/CallOpenOtherApps";
			};
			name = Debug;
		};
		1D18A5EE2323A83000DCDA3E /* Release */ = {
			isa = XCBuildConfiguration;
			buildSettings = {
				ALWAYS_EMBED_SWIFT_STANDARD_LIBRARIES = YES;
				BUNDLE_LOADER = "$(TEST_HOST)";
				CODE_SIGN_STYLE = Automatic;
				INFOPLIST_FILE = CallOpenOtherAppsTests/Info.plist;
				LD_RUNPATH_SEARCH_PATHS = (
					"$(inherited)",
					"@executable_path/Frameworks",
					"@loader_path/Frameworks",
				);
				PRODUCT_BUNDLE_IDENTIFIER = com.junek.CallOpenOtherAppsTests;
				PRODUCT_NAME = "$(TARGET_NAME)";
				SWIFT_VERSION = 5.0;
				TARGETED_DEVICE_FAMILY = "1,2";
				TEST_HOST = "$(BUILT_PRODUCTS_DIR)/CallOpenOtherApps.app/CallOpenOtherApps";
			};
			name = Release;
		};
		1D18A5F02323A83000DCDA3E /* Debug */ = {
			isa = XCBuildConfiguration;
			buildSettings = {
				ALWAYS_EMBED_SWIFT_STANDARD_LIBRARIES = YES;
				CODE_SIGN_STYLE = Automatic;
				INFOPLIST_FILE = CallOpenOtherAppsUITests/Info.plist;
				LD_RUNPATH_SEARCH_PATHS = (
					"$(inherited)",
					"@executable_path/Frameworks",
					"@loader_path/Frameworks",
				);
				PRODUCT_BUNDLE_IDENTIFIER = com.junek.CallOpenOtherAppsUITests;
				PRODUCT_NAME = "$(TARGET_NAME)";
				SWIFT_VERSION = 5.0;
				TARGETED_DEVICE_FAMILY = "1,2";
				TEST_TARGET_NAME = CallOpenOtherApps;
			};
			name = Debug;
		};
		1D18A5F12323A83000DCDA3E /* Release */ = {
			isa = XCBuildConfiguration;
			buildSettings = {
				ALWAYS_EMBED_SWIFT_STANDARD_LIBRARIES = YES;
				CODE_SIGN_STYLE = Automatic;
				INFOPLIST_FILE = CallOpenOtherAppsUITests/Info.plist;
				LD_RUNPATH_SEARCH_PATHS = (
					"$(inherited)",
					"@executable_path/Frameworks",
					"@loader_path/Frameworks",
				);
				PRODUCT_BUNDLE_IDENTIFIER = com.junek.CallOpenOtherAppsUITests;
				PRODUCT_NAME = "$(TARGET_NAME)";
				SWIFT_VERSION = 5.0;
				TARGETED_DEVICE_FAMILY = "1,2";
				TEST_TARGET_NAME = CallOpenOtherApps;
			};
			name = Release;
		};
/* End XCBuildConfiguration section */

/* Begin XCConfigurationList section */
		1D18A5BC2323A82F00DCDA3E /* Build configuration list for PBXProject "CallOpenOtherApps" */ = {
			isa = XCConfigurationList;
			buildConfigurations = (
				1D18A5E72323A83000DCDA3E /* Debug */,
				1D18A5E82323A83000DCDA3E /* Release */,
			);
			defaultConfigurationIsVisible = 0;
			defaultConfigurationName = Release;
		};
		1D18A5E92323A83000DCDA3E /* Build configuration list for PBXNativeTarget "CallOpenOtherApps" */ = {
			isa = XCConfigurationList;
			buildConfigurations = (
				1D18A5EA2323A83000DCDA3E /* Debug */,
				1D18A5EB2323A83000DCDA3E /* Release */,
			);
			defaultConfigurationIsVisible = 0;
			defaultConfigurationName = Release;
		};
		1D18A5EC2323A83000DCDA3E /* Build configuration list for PBXNativeTarget "CallOpenOtherAppsTests" */ = {
			isa = XCConfigurationList;
			buildConfigurations = (
				1D18A5ED2323A83000DCDA3E /* Debug */,
				1D18A5EE2323A83000DCDA3E /* Release */,
			);
			defaultConfigurationIsVisible = 0;
			defaultConfigurationName = Release;
		};
		1D18A5EF2323A83000DCDA3E /* Build configuration list for PBXNativeTarget "CallOpenOtherAppsUITests" */ = {
			isa = XCConfigurationList;
			buildConfigurations = (
				1D18A5F02323A83000DCDA3E /* Debug */,
				1D18A5F12323A83000DCDA3E /* Release */,
			);
			defaultConfigurationIsVisible = 0;
			defaultConfigurationName = Release;
		};
/* End XCConfigurationList section */
	};
	rootObject = 1D18A5B92323A82F00DCDA3E /* Project object */;
}
